
Microsoft Visual Studio Solution File, Format Version 12.00
# Visual Studio Version 17
VisualStudioVersion = 17.10.35201.131
MinimumVisualStudioVersion = 10.0.40219.1
Project("{2150E333-8FDC-42A3-9474-1A3956D46DE8}") = "Core", "Core", "{9D9D5F67-8CED-41E6-9310-CFBE43492E52}"
EndProject
Project("{9A19103F-16F7-4668-BE54-9A1E7A4F7556}") = "CarBook.Domain", "Core\CarBook.Domain\CarBook.Domain.csproj", "{5E2780BC-D1E2-4035-A948-5E5E295EDA06}"
EndProject
Project("{2150E333-8FDC-42A3-9474-1A3956D46DE8}") = "Infrastructure", "Infrastructure", "{08B405BC-BF92-474E-A1AD-F1C3053E1B18}"
EndProject
Project("{9A19103F-16F7-4668-BE54-9A1E7A4F7556}") = "CarBook.Persistence", "Infrastructure\CarBook.Persistence\CarBook.Persistence.csproj", "{EBC740C9-214E-4441-80BF-0FAD65E1680B}"
EndProject
Project("{2150E333-8FDC-42A3-9474-1A3956D46DE8}") = "Presentation", "Presentation", "{F22DBFF1-230F-4B4D-A3C9-70AD9E8E5207}"
EndProject
Project("{9A19103F-16F7-4668-BE54-9A1E7A4F7556}") = "CarBook.WebApi", "Presentation\CarBook.WebApi\CarBook.WebApi.csproj", "{2EC48501-9369-443E-A1F1-0EA48FC83619}"
EndProject
Project("{9A19103F-16F7-4668-BE54-9A1E7A4F7556}") = "CarBook.Application", "Core\CarBook.Application\CarBook.Application.csproj", "{9D316BEE-8532-4173-850D-1FE6A39BAF45}"
EndProject
Project("{2150E333-8FDC-42A3-9474-1A3956D46DE8}") = "Frontends", "Frontends", "{50C309DF-D2EA-4357-86BE-A327B64BC586}"
EndProject
Project("{9A19103F-16F7-4668-BE54-9A1E7A4F7556}") = "CarBook.WebUI", "Frontends\CarBook.WebUI\CarBook.WebUI.csproj", "{376C514C-EC77-42AF-AE47-890A175E033C}"
EndProject
Project("{FAE04EC0-301F-11D3-BF4B-00C04F79EFBC}") = "CarBook.Dto", "Frontends\CarBook.Dto\CarBook.Dto.csproj", "{0270DE8C-957B-4738-A0F0-2445589EC7E0}"
EndProject
Project("{2150E333-8FDC-42A3-9474-1A3956D46DE8}") = "ToDoList", "ToDoList", "{EF00FF50-B145-41AD-933F-E2ECCDDC3F4F}"
	ProjectSection(SolutionItems) = preProject
		AlertScript.txt = AlertScript.txt
		StatisticList.txt = StatisticList.txt
	EndProjectSection
EndProject
Global
	GlobalSection(SolutionConfigurationPlatforms) = preSolution
		Debug|Any CPU = Debug|Any CPU
		Release|Any CPU = Release|Any CPU
	EndGlobalSection
	GlobalSection(ProjectConfigurationPlatforms) = postSolution
		{5E2780BC-D1E2-4035-A948-5E5E295EDA06}.Debug|Any CPU.ActiveCfg = Debug|Any CPU
		{5E2780BC-D1E2-4035-A948-5E5E295EDA06}.Debug|Any CPU.Build.0 = Debug|Any CPU
		{5E2780BC-D1E2-4035-A948-5E5E295EDA06}.Release|Any CPU.ActiveCfg = Release|Any CPU
		{5E2780BC-D1E2-4035-A948-5E5E295EDA06}.Release|Any CPU.Build.0 = Release|Any CPU
		{EBC740C9-214E-4441-80BF-0FAD65E1680B}.Debug|Any CPU.ActiveCfg = Debug|Any CPU
		{EBC740C9-214E-4441-80BF-0FAD65E1680B}.Debug|Any CPU.Build.0 = Debug|Any CPU
		{EBC740C9-214E-4441-80BF-0FAD65E1680B}.Release|Any CPU.ActiveCfg = Release|Any CPU
		{EBC740C9-214E-4441-80BF-0FAD65E1680B}.Release|Any CPU.Build.0 = Release|Any CPU
		{2EC48501-9369-443E-A1F1-0EA48FC83619}.Debug|Any CPU.ActiveCfg = Debug|Any CPU
		{2EC48501-9369-443E-A1F1-0EA48FC83619}.Debug|Any CPU.Build.0 = Debug|Any CPU
		{2EC48501-9369-443E-A1F1-0EA48FC83619}.Release|Any CPU.ActiveCfg = Release|Any CPU
		{2EC48501-9369-443E-A1F1-0EA48FC83619}.Release|Any CPU.Build.0 = Release|Any CPU
		{9D316BEE-8532-4173-850D-1FE6A39BAF45}.Debug|Any CPU.ActiveCfg = Debug|Any CPU
		{9D316BEE-8532-4173-850D-1FE6A39BAF45}.Debug|Any CPU.Build.0 = Debug|Any CPU
		{9D316BEE-8532-4173-850D-1FE6A39BAF45}.Release|Any CPU.ActiveCfg = Release|Any CPU
		{9D316BEE-8532-4173-850D-1FE6A39BAF45}.Release|Any CPU.Build.0 = Release|Any CPU
		{376C514C-EC77-42AF-AE47-890A175E033C}.Debug|Any CPU.ActiveCfg = Debug|Any CPU
		{376C514C-EC77-42AF-AE47-890A175E033C}.Debug|Any CPU.Build.0 = Debug|Any CPU
		{376C514C-EC77-42AF-AE47-890A175E033C}.Release|Any CPU.ActiveCfg = Release|Any CPU
		{376C514C-EC77-42AF-AE47-890A175E033C}.Release|Any CPU.Build.0 = Release|Any CPU
		{0270DE8C-957B-4738-A0F0-2445589EC7E0}.Debug|Any CPU.ActiveCfg = Debug|Any CPU
		{0270DE8C-957B-4738-A0F0-2445589EC7E0}.Debug|Any CPU.Build.0 = Debug|Any CPU
		{0270DE8C-957B-4738-A0F0-2445589EC7E0}.Release|Any CPU.ActiveCfg = Release|Any CPU
		{0270DE8C-957B-4738-A0F0-2445589EC7E0}.Release|Any CPU.Build.0 = Release|Any CPU
	EndGlobalSection
	GlobalSection(SolutionProperties) = preSolution
		HideSolutionNode = FALSE
	EndGlobalSection
	GlobalSection(NestedProjects) = preSolution
		{5E2780BC-D1E2-4035-A948-5E5E295EDA06} = {9D9D5F67-8CED-41E6-9310-CFBE43492E52}
		{EBC740C9-214E-4441-80BF-0FAD65E1680B} = {08B405BC-BF92-474E-A1AD-F1C3053E1B18}
		{2EC48501-9369-443E-A1F1-0EA48FC83619} = {F22DBFF1-230F-4B4D-A3C9-70AD9E8E5207}
		{9D316BEE-8532-4173-850D-1FE6A39BAF45} = {9D9D5F67-8CED-41E6-9310-CFBE43492E52}
		{376C514C-EC77-42AF-AE47-890A175E033C} = {50C309DF-D2EA-4357-86BE-A327B64BC586}
		{0270DE8C-957B-4738-A0F0-2445589EC7E0} = {50C309DF-D2EA-4357-86BE-A327B64BC586}
	EndGlobalSection
	GlobalSection(ExtensibilityGlobals) = postSolution
		SolutionGuid = {D103A676-20D2-4860-80CE-C9FC4B25B506}
	EndGlobalSection
EndGlobal
